
Microsoft Visual Studio Solution File, Format Version 12.00
# Visual Studio Version 17
VisualStudioVersion = 17.4.33122.133
MinimumVisualStudioVersion = 10.0.40219.1
Project("{FAE04EC0-301F-11D3-BF4B-00C04F79EFBC}") = "PFSSITEWITHOUTENTITY", "PFSSITEWITHOUTENTITY.csproj", "{0120123A-7E7E-4EE5-99D3-7EB3DD2A2076}"
EndProject
Global
	GlobalSection(SolutionConfigurationPlatforms) = preSolution
		Debug|Any CPU = Debug|Any CPU
		Release|Any CPU = Release|Any CPU
	EndGlobalSection
	GlobalSection(ProjectConfigurationPlatforms) = postSolution
		{0120123A-7E7E-4EE5-99D3-7EB3DD2A2076}.Debug|Any CPU.ActiveCfg = Debug|Any CPU
		{0120123A-7E7E-4EE5-99D3-7EB3DD2A2076}.Debug|Any CPU.Build.0 = Debug|Any CPU
		{0120123A-7E7E-4EE5-99D3-7EB3DD2A2076}.Release|Any CPU.ActiveCfg = Release|Any CPU
		{0120123A-7E7E-4EE5-99D3-7EB3DD2A2076}.Release|Any CPU.Build.0 = Release|Any CPU
	EndGlobalSection
	GlobalSection(SolutionProperties) = preSolution
		HideSolutionNode = FALSE
	EndGlobalSection
	GlobalSection(ExtensibilityGlobals) = postSolution
		SolutionGuid = {01101931-624D-47DF-B0B1-ABED0D4CB05B}
	EndGlobalSection
EndGlobal
